
Microsoft Visual Studio Solution File, Format Version 12.00
# Visual Studio Version 17
VisualStudioVersion = 17.6.33815.320
MinimumVisualStudioVersion = 10.0.40219.1
Project("{FAE04EC0-301F-11D3-BF4B-00C04F79EFBC}") = "snookerWPF", "snookerWPF.csproj", "{172FBD87-66EC-4C29-8AF9-040AF839AA61}"
EndProject
Global
	GlobalSection(SolutionConfigurationPlatforms) = preSolution
		Debug|Any CPU = Debug|Any CPU
		Release|Any CPU = Release|Any CPU
	EndGlobalSection
	GlobalSection(ProjectConfigurationPlatforms) = postSolution
		{172FBD87-66EC-4C29-8AF9-040AF839AA61}.Debug|Any CPU.ActiveCfg = Debug|Any CPU
		{172FBD87-66EC-4C29-8AF9-040AF839AA61}.Debug|Any CPU.Build.0 = Debug|Any CPU
		{172FBD87-66EC-4C29-8AF9-040AF839AA61}.Release|Any CPU.ActiveCfg = Release|Any CPU
		{172FBD87-66EC-4C29-8AF9-040AF839AA61}.Release|Any CPU.Build.0 = Release|Any CPU
	EndGlobalSection
	GlobalSection(SolutionProperties) = preSolution
		HideSolutionNode = FALSE
	EndGlobalSection
	GlobalSection(ExtensibilityGlobals) = postSolution
		SolutionGuid = {FE93F592-A956-407B-AD4E-ABE7B8B5A8AA}
	EndGlobalSection
EndGlobal
